
Microsoft Visual Studio Solution File, Format Version 12.00
# Visual Studio 15
VisualStudioVersion = 15.0.28010.2036
MinimumVisualStudioVersion = 10.0.40219.1
Project("{9A19103F-16F7-4668-BE54-9A1E7A4F7556}") = "Problem_01", "Problem_01\Problem_01.csproj", "{F18BB9FE-A8AC-4F5E-9FDE-372E8305413A}"
EndProject
Global
	GlobalSection(SolutionConfigurationPlatforms) = preSolution
		Debug|Any CPU = Debug|Any CPU
		Release|Any CPU = Release|Any CPU
	EndGlobalSection
	GlobalSection(ProjectConfigurationPlatforms) = postSolution
		{F18BB9FE-A8AC-4F5E-9FDE-372E8305413A}.Debug|Any CPU.ActiveCfg = Debug|Any CPU
		{F18BB9FE-A8AC-4F5E-9FDE-372E8305413A}.Debug|Any CPU.Build.0 = Debug|Any CPU
		{F18BB9FE-A8AC-4F5E-9FDE-372E8305413A}.Release|Any CPU.ActiveCfg = Release|Any CPU
		{F18BB9FE-A8AC-4F5E-9FDE-372E8305413A}.Release|Any CPU.Build.0 = Release|Any CPU
	EndGlobalSection
	GlobalSection(SolutionProperties) = preSolution
		HideSolutionNode = FALSE
	EndGlobalSection
	GlobalSection(ExtensibilityGlobals) = postSolution
		SolutionGuid = {BBF9D78A-4897-4967-A918-B7AF271F1A9D}
	EndGlobalSection
EndGlobal
